
Microsoft Visual Studio Solution File, Format Version 12.00
# Visual Studio Version 16
VisualStudioVersion = 16.0.30204.135
MinimumVisualStudioVersion = 10.0.40219.1
Project("{FAE04EC0-301F-11D3-BF4B-00C04F79EFBC}") = "xamMultiLang.Android", "xamMultiLang\xamMultiLang.Android\xamMultiLang.Android.csproj", "{8FE7ECD5-D3A1-4030-A7FD-0C3CA63739A2}"
EndProject
Project("{FAE04EC0-301F-11D3-BF4B-00C04F79EFBC}") = "xamMultiLang", "xamMultiLang\xamMultiLang\xamMultiLang.csproj", "{AC0B1857-7D64-490D-89F5-BA72BEB17B53}"
EndProject
Global
	GlobalSection(SolutionConfigurationPlatforms) = preSolution
		Debug|Any CPU = Debug|Any CPU
		Release|Any CPU = Release|Any CPU
	EndGlobalSection
	GlobalSection(ProjectConfigurationPlatforms) = postSolution
		{8FE7ECD5-D3A1-4030-A7FD-0C3CA63739A2}.Debug|Any CPU.ActiveCfg = Debug|Any CPU
		{8FE7ECD5-D3A1-4030-A7FD-0C3CA63739A2}.Debug|Any CPU.Build.0 = Debug|Any CPU
		{8FE7ECD5-D3A1-4030-A7FD-0C3CA63739A2}.Debug|Any CPU.Deploy.0 = Debug|Any CPU
		{8FE7ECD5-D3A1-4030-A7FD-0C3CA63739A2}.Release|Any CPU.ActiveCfg = Release|Any CPU
		{8FE7ECD5-D3A1-4030-A7FD-0C3CA63739A2}.Release|Any CPU.Build.0 = Release|Any CPU
		{8FE7ECD5-D3A1-4030-A7FD-0C3CA63739A2}.Release|Any CPU.Deploy.0 = Release|Any CPU
		{AC0B1857-7D64-490D-89F5-BA72BEB17B53}.Debug|Any CPU.ActiveCfg = Debug|Any CPU
		{AC0B1857-7D64-490D-89F5-BA72BEB17B53}.Debug|Any CPU.Build.0 = Debug|Any CPU
		{AC0B1857-7D64-490D-89F5-BA72BEB17B53}.Debug|Any CPU.Deploy.0 = Debug|Any CPU
		{AC0B1857-7D64-490D-89F5-BA72BEB17B53}.Release|Any CPU.ActiveCfg = Release|Any CPU
		{AC0B1857-7D64-490D-89F5-BA72BEB17B53}.Release|Any CPU.Build.0 = Release|Any CPU
		{AC0B1857-7D64-490D-89F5-BA72BEB17B53}.Release|Any CPU.Deploy.0 = Release|Any CPU
	EndGlobalSection
	GlobalSection(SolutionProperties) = preSolution
		HideSolutionNode = FALSE
	EndGlobalSection
	GlobalSection(ExtensibilityGlobals) = postSolution
		SolutionGuid = {C3476526-CE36-4C9F-802F-D90A454C00F5}
	EndGlobalSection
EndGlobal
